
Microsoft Visual Studio Solution File, Format Version 12.00
# Visual Studio 15
VisualStudioVersion = 15.0.28010.2003
MinimumVisualStudioVersion = 10.0.40219.1
Project("{FAE04EC0-301F-11D3-BF4B-00C04F79EFBC}") = "Labsheet7", "Labsheet7\Labsheet7.csproj", "{9BB54117-E5D5-48F6-87E5-7CE44E4B61F5}"
EndProject
Project("{FAE04EC0-301F-11D3-BF4B-00C04F79EFBC}") = "Exercise2", "Exercise2\Exercise2.csproj", "{8F3FDB87-D6F3-44F3-97BB-DBDFA31440C0}"
EndProject
Global
	GlobalSection(SolutionConfigurationPlatforms) = preSolution
		Debug|Any CPU = Debug|Any CPU
		Release|Any CPU = Release|Any CPU
	EndGlobalSection
	GlobalSection(ProjectConfigurationPlatforms) = postSolution
		{9BB54117-E5D5-48F6-87E5-7CE44E4B61F5}.Debug|Any CPU.ActiveCfg = Debug|Any CPU
		{9BB54117-E5D5-48F6-87E5-7CE44E4B61F5}.Debug|Any CPU.Build.0 = Debug|Any CPU
		{9BB54117-E5D5-48F6-87E5-7CE44E4B61F5}.Release|Any CPU.ActiveCfg = Release|Any CPU
		{9BB54117-E5D5-48F6-87E5-7CE44E4B61F5}.Release|Any CPU.Build.0 = Release|Any CPU
		{8F3FDB87-D6F3-44F3-97BB-DBDFA31440C0}.Debug|Any CPU.ActiveCfg = Debug|Any CPU
		{8F3FDB87-D6F3-44F3-97BB-DBDFA31440C0}.Debug|Any CPU.Build.0 = Debug|Any CPU
		{8F3FDB87-D6F3-44F3-97BB-DBDFA31440C0}.Release|Any CPU.ActiveCfg = Release|Any CPU
		{8F3FDB87-D6F3-44F3-97BB-DBDFA31440C0}.Release|Any CPU.Build.0 = Release|Any CPU
	EndGlobalSection
	GlobalSection(SolutionProperties) = preSolution
		HideSolutionNode = FALSE
	EndGlobalSection
	GlobalSection(ExtensibilityGlobals) = postSolution
		SolutionGuid = {E6047190-246A-40BE-9294-3DB7802A1A0A}
	EndGlobalSection
EndGlobal
